
Microsoft Visual Studio Solution File, Format Version 12.00
# Visual Studio Version 17
VisualStudioVersion = 17.2.32516.85
MinimumVisualStudioVersion = 10.0.40219.1
Project("{FAE04EC0-301F-11D3-BF4B-00C04F79EFBC}") = "03TresDivisores", "03TresDivisores.csproj", "{0461623D-3E8D-4CC7-B0C0-E03324191C0C}"
EndProject
Global
	GlobalSection(SolutionConfigurationPlatforms) = preSolution
		Debug|Any CPU = Debug|Any CPU
		Release|Any CPU = Release|Any CPU
	EndGlobalSection
	GlobalSection(ProjectConfigurationPlatforms) = postSolution
		{0461623D-3E8D-4CC7-B0C0-E03324191C0C}.Debug|Any CPU.ActiveCfg = Debug|Any CPU
		{0461623D-3E8D-4CC7-B0C0-E03324191C0C}.Debug|Any CPU.Build.0 = Debug|Any CPU
		{0461623D-3E8D-4CC7-B0C0-E03324191C0C}.Release|Any CPU.ActiveCfg = Release|Any CPU
		{0461623D-3E8D-4CC7-B0C0-E03324191C0C}.Release|Any CPU.Build.0 = Release|Any CPU
	EndGlobalSection
	GlobalSection(SolutionProperties) = preSolution
		HideSolutionNode = FALSE
	EndGlobalSection
	GlobalSection(ExtensibilityGlobals) = postSolution
		SolutionGuid = {1BC4FA37-6556-48EE-938B-5FDFB3798572}
	EndGlobalSection
EndGlobal
