
Microsoft Visual Studio Solution File, Format Version 12.00
# Visual Studio Version 17
VisualStudioVersion = 17.2.32516.85
MinimumVisualStudioVersion = 10.0.40219.1
Project("{FAE04EC0-301F-11D3-BF4B-00C04F79EFBC}") = "06CorridaDasTartarugas", "06CorridaDasTartarugas.csproj", "{75770BF1-A0A6-4DCC-AA39-0FF0CA5B9C05}"
EndProject
Global
	GlobalSection(SolutionConfigurationPlatforms) = preSolution
		Debug|Any CPU = Debug|Any CPU
		Release|Any CPU = Release|Any CPU
	EndGlobalSection
	GlobalSection(ProjectConfigurationPlatforms) = postSolution
		{75770BF1-A0A6-4DCC-AA39-0FF0CA5B9C05}.Debug|Any CPU.ActiveCfg = Debug|Any CPU
		{75770BF1-A0A6-4DCC-AA39-0FF0CA5B9C05}.Debug|Any CPU.Build.0 = Debug|Any CPU
		{75770BF1-A0A6-4DCC-AA39-0FF0CA5B9C05}.Release|Any CPU.ActiveCfg = Release|Any CPU
		{75770BF1-A0A6-4DCC-AA39-0FF0CA5B9C05}.Release|Any CPU.Build.0 = Release|Any CPU
	EndGlobalSection
	GlobalSection(SolutionProperties) = preSolution
		HideSolutionNode = FALSE
	EndGlobalSection
	GlobalSection(ExtensibilityGlobals) = postSolution
		SolutionGuid = {AC3BB8C7-E606-4FD4-AB1E-C072F57F7C56}
	EndGlobalSection
EndGlobal
